// !$*UTF8*$!
{
	archiveVersion = 1;
	classes = {
	};
	objectVersion = 46;
	objects = {

/* Begin PBXBuildFile section */
		F7778F861514D526002961BE /* WebKit.framework in Frameworks */ = {isa = PBXBuildFile; fileRef = F7778F851514D526002961BE /* WebKit.framework */; };
		FFD3CB4F15138376004EFFC0 /* Cocoa.framework in Frameworks */ = {isa = PBXBuildFile; fileRef = FFD3CB4E15138376004EFFC0 /* Cocoa.framework */; };
		FFD3CB5915138376004EFFC0 /* InfoPlist.strings in Resources */ = {isa = PBXBuildFile; fileRef = FFD3CB5715138376004EFFC0 /* InfoPlist.strings */; };
		FFD3CB5B15138376004EFFC0 /* main.m in Sources */ = {isa = PBXBuildFile; fileRef = FFD3CB5A15138376004EFFC0 /* main.m */; };
		FFD3CB5F15138376004EFFC0 /* Credits.rtf in Resources */ = {isa = PBXBuildFile; fileRef = FFD3CB5D15138376004EFFC0 /* Credits.rtf */; };
		FFD3CB6215138376004EFFC0 /* STAppDelegate.m in Sources */ = {isa = PBXBuildFile; fileRef = FFD3CB6115138376004EFFC0 /* STAppDelegate.m */; };
		FFD3CB6515138376004EFFC0 /* MainMenu.xib in Resources */ = {isa = PBXBuildFile; fileRef = FFD3CB6315138376004EFFC0 /* MainMenu.xib */; };
		FFD3CB6E151383B7004EFFC0 /* STLoginSheetWindowController.m in Sources */ = {isa = PBXBuildFile; fileRef = FFD3CB6C151383B7004EFFC0 /* STLoginSheetWindowController.m */; };
		FFD3CB6F151383B7004EFFC0 /* STLoginSheet.xib in Resources */ = {isa = PBXBuildFile; fileRef = FFD3CB6D151383B7004EFFC0 /* STLoginSheet.xib */; };
		FFD3CB721513842D004EFFC0 /* STMainViewController.m in Sources */ = {isa = PBXBuildFile; fileRef = FFD3CB711513842D004EFFC0 /* STMainViewController.m */; };
/* End PBXBuildFile section */

/* Begin PBXFileReference section */
		F7778F851514D526002961BE /* WebKit.framework */ = {isa = PBXFileReference; lastKnownFileType = wrapper.framework; name = WebKit.framework; path = System/Library/Frameworks/WebKit.framework; sourceTree = SDKROOT; };
		FFD3CB4A15138376004EFFC0 /* SheetTest.app */ = {isa = PBXFileReference; explicitFileType = wrapper.application; includeInIndex = 0; path = SheetTest.app; sourceTree = BUILT_PRODUCTS_DIR; };
		FFD3CB4E15138376004EFFC0 /* Cocoa.framework */ = {isa = PBXFileReference; lastKnownFileType = wrapper.framework; name = Cocoa.framework; path = System/Library/Frameworks/Cocoa.framework; sourceTree = SDKROOT; };
		FFD3CB5115138376004EFFC0 /* AppKit.framework */ = {isa = PBXFileReference; lastKnownFileType = wrapper.framework; name = AppKit.framework; path = System/Library/Frameworks/AppKit.framework; sourceTree = SDKROOT; };
		FFD3CB5215138376004EFFC0 /* CoreData.framework */ = {isa = PBXFileReference; lastKnownFileType = wrapper.framework; name = CoreData.framework; path = System/Library/Frameworks/CoreData.framework; sourceTree = SDKROOT; };
		FFD3CB5315138376004EFFC0 /* Foundation.framework */ = {isa = PBXFileReference; lastKnownFileType = wrapper.framework; name = Foundation.framework; path = System/Library/Frameworks/Foundation.framework; sourceTree = SDKROOT; };
		FFD3CB5615138376004EFFC0 /* SheetTest-Info.plist */ = {isa = PBXFileReference; lastKnownFileType = text.plist.xml; path = "SheetTest-Info.plist"; sourceTree = "<group>"; };
		FFD3CB5815138376004EFFC0 /* en */ = {isa = PBXFileReference; lastKnownFileType = text.plist.strings; name = en; path = en.lproj/InfoPlist.strings; sourceTree = "<group>"; };
		FFD3CB5A15138376004EFFC0 /* main.m */ = {isa = PBXFileReference; lastKnownFileType = sourcecode.c.objc; path = main.m; sourceTree = "<group>"; };
		FFD3CB5C15138376004EFFC0 /* SheetTest-Prefix.pch */ = {isa = PBXFileReference; lastKnownFileType = sourcecode.c.h; path = "SheetTest-Prefix.pch"; sourceTree = "<group>"; };
		FFD3CB5E15138376004EFFC0 /* en */ = {isa = PBXFileReference; lastKnownFileType = text.rtf; name = en; path = en.lproj/Credits.rtf; sourceTree = "<group>"; };
		FFD3CB6015138376004EFFC0 /* STAppDelegate.h */ = {isa = PBXFileReference; lastKnownFileType = sourcecode.c.h; path = STAppDelegate.h; sourceTree = "<group>"; };
		FFD3CB6115138376004EFFC0 /* STAppDelegate.m */ = {isa = PBXFileReference; lastKnownFileType = sourcecode.c.objc; path = STAppDelegate.m; sourceTree = "<group>"; };
		FFD3CB6415138376004EFFC0 /* en */ = {isa = PBXFileReference; lastKnownFileType = file.xib; name = en; path = en.lproj/MainMenu.xib; sourceTree = "<group>"; };
		FFD3CB6B151383B7004EFFC0 /* STLoginSheetWindowController.h */ = {isa = PBXFileReference; fileEncoding = 4; lastKnownFileType = sourcecode.c.h; name = STLoginSheetWindowController.h; path = ../STLoginSheetWindowController.h; sourceTree = "<group>"; };
		FFD3CB6C151383B7004EFFC0 /* STLoginSheetWindowController.m */ = {isa = PBXFileReference; fileEncoding = 4; lastKnownFileType = sourcecode.c.objc; name = STLoginSheetWindowController.m; path = ../STLoginSheetWindowController.m; sourceTree = "<group>"; };
		FFD3CB6D151383B7004EFFC0 /* STLoginSheet.xib */ = {isa = PBXFileReference; fileEncoding = 4; lastKnownFileType = file.xib; name = STLoginSheet.xib; path = ../STLoginSheet.xib; sourceTree = "<group>"; };
		FFD3CB701513842D004EFFC0 /* STMainViewController.h */ = {isa = PBXFileReference; fileEncoding = 4; lastKnownFileType = sourcecode.c.h; path = STMainViewController.h; sourceTree = "<group>"; };
		FFD3CB711513842D004EFFC0 /* STMainViewController.m */ = {isa = PBXFileReference; fileEncoding = 4; lastKnownFileType = sourcecode.c.objc; path = STMainViewController.m; sourceTree = "<group>"; };
/* End PBXFileReference section */

/* Begin PBXFrameworksBuildPhase section */
		FFD3CB4715138376004EFFC0 /* Frameworks */ = {
			isa = PBXFrameworksBuildPhase;
			buildActionMask = 2147483647;
			files = (
				F7778F861514D526002961BE /* WebKit.framework in Frameworks */,
				FFD3CB4F15138376004EFFC0 /* Cocoa.framework in Frameworks */,
			);
			runOnlyForDeploymentPostprocessing = 0;
		};
/* End PBXFrameworksBuildPhase section */

/* Begin PBXGroup section */
		FFD3CB3F15138375004EFFC0 = {
			isa = PBXGroup;
			children = (
				FFD3CB5415138376004EFFC0 /* SheetTest */,
				FFD3CB4D15138376004EFFC0 /* Frameworks */,
				FFD3CB4B15138376004EFFC0 /* Products */,
			);
			sourceTree = "<group>";
		};
		FFD3CB4B15138376004EFFC0 /* Products */ = {
			isa = PBXGroup;
			children = (
				FFD3CB4A15138376004EFFC0 /* SheetTest.app */,
			);
			name = Products;
			sourceTree = "<group>";
		};
		FFD3CB4D15138376004EFFC0 /* Frameworks */ = {
			isa = PBXGroup;
			children = (
				FFD3CB4E15138376004EFFC0 /* Cocoa.framework */,
				FFD3CB5015138376004EFFC0 /* Other Frameworks */,
			);
			name = Frameworks;
			sourceTree = "<group>";
		};
		FFD3CB5015138376004EFFC0 /* Other Frameworks */ = {
			isa = PBXGroup;
			children = (
				F7778F851514D526002961BE /* WebKit.framework */,
				FFD3CB5115138376004EFFC0 /* AppKit.framework */,
				FFD3CB5215138376004EFFC0 /* CoreData.framework */,
				FFD3CB5315138376004EFFC0 /* Foundation.framework */,
			);
			name = "Other Frameworks";
			sourceTree = "<group>";
		};
		FFD3CB5415138376004EFFC0 /* SheetTest */ = {
			isa = PBXGroup;
			children = (
				FFD3CB6B151383B7004EFFC0 /* STLoginSheetWindowController.h */,
				FFD3CB6C151383B7004EFFC0 /* STLoginSheetWindowController.m */,
				FFD3CB6D151383B7004EFFC0 /* STLoginSheet.xib */,
				FFD3CB6015138376004EFFC0 /* STAppDelegate.h */,
				FFD3CB6115138376004EFFC0 /* STAppDelegate.m */,
				FFD3CB6315138376004EFFC0 /* MainMenu.xib */,
				FFD3CB701513842D004EFFC0 /* STMainViewController.h */,
				FFD3CB711513842D004EFFC0 /* STMainViewController.m */,
				FFD3CB5515138376004EFFC0 /* Supporting Files */,
			);
			path = SheetTest;
			sourceTree = "<group>";
		};
		FFD3CB5515138376004EFFC0 /* Supporting Files */ = {
			isa = PBXGroup;
			children = (
				FFD3CB5615138376004EFFC0 /* SheetTest-Info.plist */,
				FFD3CB5715138376004EFFC0 /* InfoPlist.strings */,
				FFD3CB5A15138376004EFFC0 /* main.m */,
				FFD3CB5C15138376004EFFC0 /* SheetTest-Prefix.pch */,
				FFD3CB5D15138376004EFFC0 /* Credits.rtf */,
			);
			name = "Supporting Files";
			sourceTree = "<group>";
		};
/* End PBXGroup section */

/* Begin PBXNativeTarget section */
		FFD3CB4915138376004EFFC0 /* SheetTest */ = {
			isa = PBXNativeTarget;
			buildConfigurationList = FFD3CB6815138376004EFFC0 /* Build configuration list for PBXNativeTarget "SheetTest" */;
			buildPhases = (
				FFD3CB4615138376004EFFC0 /* Sources */,
				FFD3CB4715138376004EFFC0 /* Frameworks */,
				FFD3CB4815138376004EFFC0 /* Resources */,
			);
			buildRules = (
			);
			dependencies = (
			);
			name = SheetTest;
			productName = SheetTest;
			productReference = FFD3CB4A15138376004EFFC0 /* SheetTest.app */;
			productType = "com.apple.product-type.application";
		};
/* End PBXNativeTarget section */

/* Begin PBXProject section */
		FFD3CB4115138375004EFFC0 /* Project object */ = {
			isa = PBXProject;
			attributes = {
				CLASSPREFIX = ST;
				LastUpgradeCheck = 0430;
				ORGANIZATIONNAME = "Code No Evil, LLC";
			};
			buildConfigurationList = FFD3CB4415138375004EFFC0 /* Build configuration list for PBXProject "SheetTest" */;
			compatibilityVersion = "Xcode 3.2";
			developmentRegion = English;
			hasScannedForEncodings = 0;
			knownRegions = (
				en,
			);
			mainGroup = FFD3CB3F15138375004EFFC0;
			productRefGroup = FFD3CB4B15138376004EFFC0 /* Products */;
			projectDirPath = "";
			projectRoot = "";
			targets = (
				FFD3CB4915138376004EFFC0 /* SheetTest */,
			);
		};
/* End PBXProject section */

/* Begin PBXResourcesBuildPhase section */
		FFD3CB4815138376004EFFC0 /* Resources */ = {
			isa = PBXResourcesBuildPhase;
			buildActionMask = 2147483647;
			files = (
				FFD3CB5915138376004EFFC0 /* InfoPlist.strings in Resources */,
				FFD3CB5F15138376004EFFC0 /* Credits.rtf in Resources */,
				FFD3CB6515138376004EFFC0 /* MainMenu.xib in Resources */,
				FFD3CB6F151383B7004EFFC0 /* STLoginSheet.xib in Resources */,
			);
			runOnlyForDeploymentPostprocessing = 0;
		};
/* End PBXResourcesBuildPhase section */

/* Begin PBXSourcesBuildPhase section */
		FFD3CB4615138376004EFFC0 /* Sources */ = {
			isa = PBXSourcesBuildPhase;
			buildActionMask = 2147483647;
			files = (
				FFD3CB5B15138376004EFFC0 /* main.m in Sources */,
				FFD3CB6215138376004EFFC0 /* STAppDelegate.m in Sources */,
				FFD3CB6E151383B7004EFFC0 /* STLoginSheetWindowController.m in Sources */,
				FFD3CB721513842D004EFFC0 /* STMainViewController.m in Sources */,
			);
			runOnlyForDeploymentPostprocessing = 0;
		};
/* End PBXSourcesBuildPhase section */

/* Begin PBXVariantGroup section */
		FFD3CB5715138376004EFFC0 /* InfoPlist.strings */ = {
			isa = PBXVariantGroup;
			children = (
				FFD3CB5815138376004EFFC0 /* en */,
			);
			name = InfoPlist.strings;
			sourceTree = "<group>";
		};
		FFD3CB5D15138376004EFFC0 /* Credits.rtf */ = {
			isa = PBXVariantGroup;
			children = (
				FFD3CB5E15138376004EFFC0 /* en */,
			);
			name = Credits.rtf;
			sourceTree = "<group>";
		};
		FFD3CB6315138376004EFFC0 /* MainMenu.xib */ = {
			isa = PBXVariantGroup;
			children = (
				FFD3CB6415138376004EFFC0 /* en */,
			);
			name = MainMenu.xib;
			sourceTree = "<group>";
		};
/* End PBXVariantGroup section */

/* Begin XCBuildConfiguration section */
		FFD3CB6615138376004EFFC0 /* Debug */ = {
			isa = XCBuildConfiguration;
			buildSettings = {
				ALWAYS_SEARCH_USER_PATHS = NO;
				ARCHS = "$(ARCHS_STANDARD_64_BIT)";
				CLANG_ENABLE_OBJC_ARC = YES;
				COPY_PHASE_STRIP = NO;
				GCC_C_LANGUAGE_STANDARD = gnu99;
				GCC_DYNAMIC_NO_PIC = NO;
				GCC_ENABLE_OBJC_EXCEPTIONS = YES;
				GCC_OPTIMIZATION_LEVEL = 0;
				GCC_PREPROCESSOR_DEFINITIONS = (
					"DEBUG=1",
					"$(inherited)",
				);
				GCC_SYMBOLS_PRIVATE_EXTERN = NO;
				GCC_VERSION = com.apple.compilers.llvm.clang.1_0;
				GCC_WARN_64_TO_32_BIT_CONVERSION = YES;
				GCC_WARN_ABOUT_RETURN_TYPE = YES;
				GCC_WARN_UNINITIALIZED_AUTOS = YES;
				GCC_WARN_UNUSED_VARIABLE = YES;
				MACOSX_DEPLOYMENT_TARGET = 10.7;
				ONLY_ACTIVE_ARCH = YES;
				SDKROOT = macosx;
			};
			name = Debug;
		};
		FFD3CB6715138376004EFFC0 /* Release */ = {
			isa = XCBuildConfiguration;
			buildSettings = {
				ALWAYS_SEARCH_USER_PATHS = NO;
				ARCHS = "$(ARCHS_STANDARD_64_BIT)";
				CLANG_ENABLE_OBJC_ARC = YES;
				COPY_PHASE_STRIP = YES;
				DEBUG_INFORMATION_FORMAT = "dwarf-with-dsym";
				GCC_C_LANGUAGE_STANDARD = gnu99;
				GCC_ENABLE_OBJC_EXCEPTIONS = YES;
				GCC_VERSION = com.apple.compilers.llvm.clang.1_0;
				GCC_WARN_64_TO_32_BIT_CONVERSION = YES;
				GCC_WARN_ABOUT_RETURN_TYPE = YES;
				GCC_WARN_UNINITIALIZED_AUTOS = YES;
				GCC_WARN_UNUSED_VARIABLE = YES;
				MACOSX_DEPLOYMENT_TARGET = 10.7;
				SDKROOT = macosx;
			};
			name = Release;
		};
		FFD3CB6915138376004EFFC0 /* Debug */ = {
			isa = XCBuildConfiguration;
			buildSettings = {
				GCC_PRECOMPILE_PREFIX_HEADER = YES;
				GCC_PREFIX_HEADER = "SheetTest/SheetTest-Prefix.pch";
				INFOPLIST_FILE = "SheetTest/SheetTest-Info.plist";
				PRODUCT_NAME = "$(TARGET_NAME)";
				WRAPPER_EXTENSION = app;
			};
			name = Debug;
		};
		FFD3CB6A15138376004EFFC0 /* Release */ = {
			isa = XCBuildConfiguration;
			buildSettings = {
				GCC_PRECOMPILE_PREFIX_HEADER = YES;
				GCC_PREFIX_HEADER = "SheetTest/SheetTest-Prefix.pch";
				INFOPLIST_FILE = "SheetTest/SheetTest-Info.plist";
				PRODUCT_NAME = "$(TARGET_NAME)";
				WRAPPER_EXTENSION = app;
			};
			name = Release;
		};
/* End XCBuildConfiguration section */

/* Begin XCConfigurationList section */
		FFD3CB4415138375004EFFC0 /* Build configuration list for PBXProject "SheetTest" */ = {
			isa = XCConfigurationList;
			buildConfigurations = (
				FFD3CB6615138376004EFFC0 /* Debug */,
				FFD3CB6715138376004EFFC0 /* Release */,
			);
			defaultConfigurationIsVisible = 0;
			defaultConfigurationName = Release;
		};
		FFD3CB6815138376004EFFC0 /* Build configuration list for PBXNativeTarget "SheetTest" */ = {
			isa = XCConfigurationList;
			buildConfigurations = (
				FFD3CB6915138376004EFFC0 /* Debug */,
				FFD3CB6A15138376004EFFC0 /* Release */,
			);
			defaultConfigurationIsVisible = 0;
			defaultConfigurationName = Release;
		};
/* End XCConfigurationList section */
	};
	rootObject = FFD3CB4115138375004EFFC0 /* Project object */;
}
